
Microsoft Visual Studio Solution File, Format Version 12.00
# Visual Studio Version 16
VisualStudioVersion = 16.0.30611.23
MinimumVisualStudioVersion = 10.0.40219.1
Project("{FAE04EC0-301F-11D3-BF4B-00C04F79EFBC}") = "DataStructuresTest", "DataStructuresTest\DataStructuresTest.csproj", "{84F14FB4-9654-4168-A76F-265266091257}"
EndProject
Project("{FAE04EC0-301F-11D3-BF4B-00C04F79EFBC}") = "AdvancedDataStructureProblems", "AdvancedDataStructureProblems\AdvancedDataStructureProblems.csproj", "{98BEC544-18D3-4853-8B2D-0980B434B75D}"
EndProject
Project("{FAE04EC0-301F-11D3-BF4B-00C04F79EFBC}") = "LeetCodeAmazon", "LeetCodeAmazon\LeetCodeAmazon.csproj", "{92F721DB-59C9-46DC-B389-380080996F25}"
EndProject
Project("{FAE04EC0-301F-11D3-BF4B-00C04F79EFBC}") = "AlgorithmsTest", "AlgorithmsTest\AlgorithmsTest.csproj", "{D02A2284-2ED1-40CC-ABF5-8618BC1DE71F}"
EndProject
Project("{FAE04EC0-301F-11D3-BF4B-00C04F79EFBC}") = "MIMPAmazonOnlineAssesment", "MIMPAmazonOnlineAssesment\MIMPAmazonOnlineAssesment.csproj", "{8D75B302-7438-407C-92BC-DB39A755019F}"
EndProject
Project("{FAE04EC0-301F-11D3-BF4B-00C04F79EFBC}") = "AmazonOnsitePrep", "AmazonOnsitePrep\AmazonOnsitePrep.csproj", "{600C547F-4B6F-4F77-8A24-0F650FD0E753}"
EndProject
Project("{FAE04EC0-301F-11D3-BF4B-00C04F79EFBC}") = "ParkingLotSystem", "ParkingLotSystem\ParkingLotSystem.csproj", "{5AD3A4CC-A77E-4917-9D5B-A994EDE6E6AB}"
EndProject
Project("{FAE04EC0-301F-11D3-BF4B-00C04F79EFBC}") = "LibraryManagementSystem", "LibraryManagementSystem\LibraryManagementSystem.csproj", "{4244957F-5E0C-4A27-AEF6-471EBBCF825E}"
EndProject
Project("{FAE04EC0-301F-11D3-BF4B-00C04F79EFBC}") = "GrookingCodingPattern", "GrookingCodingPattern\GrookingCodingPattern.csproj", "{B73DE5ED-0545-4927-8E62-79A14AD0BA0B}"
EndProject
Project("{FAE04EC0-301F-11D3-BF4B-00C04F79EFBC}") = "DesignPatterns", "DesignPatterns\DesignPatterns.csproj", "{7DBD4901-9C26-490F-B93B-F49139AC9A47}"
EndProject
Project("{FAE04EC0-301F-11D3-BF4B-00C04F79EFBC}") = "EmployeePortal", "EmployeePortal\EmployeePortal.csproj", "{FFF6D9A9-4084-449E-8F35-6A3FA216F64C}"
EndProject
Project("{FAE04EC0-301F-11D3-BF4B-00C04F79EFBC}") = "Logger", "Logger\Logger.csproj", "{225DB683-3E40-4416-907D-4322FCE0888B}"
EndProject
Global
	GlobalSection(SolutionConfigurationPlatforms) = preSolution
		Debug|Any CPU = Debug|Any CPU
		Release|Any CPU = Release|Any CPU
	EndGlobalSection
	GlobalSection(ProjectConfigurationPlatforms) = postSolution
		{84F14FB4-9654-4168-A76F-265266091257}.Debug|Any CPU.ActiveCfg = Debug|Any CPU
		{84F14FB4-9654-4168-A76F-265266091257}.Debug|Any CPU.Build.0 = Debug|Any CPU
		{84F14FB4-9654-4168-A76F-265266091257}.Release|Any CPU.ActiveCfg = Release|Any CPU
		{84F14FB4-9654-4168-A76F-265266091257}.Release|Any CPU.Build.0 = Release|Any CPU
		{98BEC544-18D3-4853-8B2D-0980B434B75D}.Debug|Any CPU.ActiveCfg = Debug|Any CPU
		{98BEC544-18D3-4853-8B2D-0980B434B75D}.Debug|Any CPU.Build.0 = Debug|Any CPU
		{98BEC544-18D3-4853-8B2D-0980B434B75D}.Release|Any CPU.ActiveCfg = Release|Any CPU
		{98BEC544-18D3-4853-8B2D-0980B434B75D}.Release|Any CPU.Build.0 = Release|Any CPU
		{92F721DB-59C9-46DC-B389-380080996F25}.Debug|Any CPU.ActiveCfg = Debug|Any CPU
		{92F721DB-59C9-46DC-B389-380080996F25}.Debug|Any CPU.Build.0 = Debug|Any CPU
		{92F721DB-59C9-46DC-B389-380080996F25}.Release|Any CPU.ActiveCfg = Release|Any CPU
		{92F721DB-59C9-46DC-B389-380080996F25}.Release|Any CPU.Build.0 = Release|Any CPU
		{D02A2284-2ED1-40CC-ABF5-8618BC1DE71F}.Debug|Any CPU.ActiveCfg = Debug|Any CPU
		{D02A2284-2ED1-40CC-ABF5-8618BC1DE71F}.Debug|Any CPU.Build.0 = Debug|Any CPU
		{D02A2284-2ED1-40CC-ABF5-8618BC1DE71F}.Release|Any CPU.ActiveCfg = Release|Any CPU
		{D02A2284-2ED1-40CC-ABF5-8618BC1DE71F}.Release|Any CPU.Build.0 = Release|Any CPU
		{8D75B302-7438-407C-92BC-DB39A755019F}.Debug|Any CPU.ActiveCfg = Debug|Any CPU
		{8D75B302-7438-407C-92BC-DB39A755019F}.Debug|Any CPU.Build.0 = Debug|Any CPU
		{8D75B302-7438-407C-92BC-DB39A755019F}.Release|Any CPU.ActiveCfg = Release|Any CPU
		{8D75B302-7438-407C-92BC-DB39A755019F}.Release|Any CPU.Build.0 = Release|Any CPU
		{600C547F-4B6F-4F77-8A24-0F650FD0E753}.Debug|Any CPU.ActiveCfg = Debug|Any CPU
		{600C547F-4B6F-4F77-8A24-0F650FD0E753}.Debug|Any CPU.Build.0 = Debug|Any CPU
		{600C547F-4B6F-4F77-8A24-0F650FD0E753}.Release|Any CPU.ActiveCfg = Release|Any CPU
		{600C547F-4B6F-4F77-8A24-0F650FD0E753}.Release|Any CPU.Build.0 = Release|Any CPU
		{5AD3A4CC-A77E-4917-9D5B-A994EDE6E6AB}.Debug|Any CPU.ActiveCfg = Debug|Any CPU
		{5AD3A4CC-A77E-4917-9D5B-A994EDE6E6AB}.Debug|Any CPU.Build.0 = Debug|Any CPU
		{5AD3A4CC-A77E-4917-9D5B-A994EDE6E6AB}.Release|Any CPU.ActiveCfg = Release|Any CPU
		{5AD3A4CC-A77E-4917-9D5B-A994EDE6E6AB}.Release|Any CPU.Build.0 = Release|Any CPU
		{4244957F-5E0C-4A27-AEF6-471EBBCF825E}.Debug|Any CPU.ActiveCfg = Debug|Any CPU
		{4244957F-5E0C-4A27-AEF6-471EBBCF825E}.Debug|Any CPU.Build.0 = Debug|Any CPU
		{4244957F-5E0C-4A27-AEF6-471EBBCF825E}.Release|Any CPU.ActiveCfg = Release|Any CPU
		{4244957F-5E0C-4A27-AEF6-471EBBCF825E}.Release|Any CPU.Build.0 = Release|Any CPU
		{B73DE5ED-0545-4927-8E62-79A14AD0BA0B}.Debug|Any CPU.ActiveCfg = Debug|Any CPU
		{B73DE5ED-0545-4927-8E62-79A14AD0BA0B}.Debug|Any CPU.Build.0 = Debug|Any CPU
		{B73DE5ED-0545-4927-8E62-79A14AD0BA0B}.Release|Any CPU.ActiveCfg = Release|Any CPU
		{B73DE5ED-0545-4927-8E62-79A14AD0BA0B}.Release|Any CPU.Build.0 = Release|Any CPU
		{7DBD4901-9C26-490F-B93B-F49139AC9A47}.Debug|Any CPU.ActiveCfg = Debug|Any CPU
		{7DBD4901-9C26-490F-B93B-F49139AC9A47}.Debug|Any CPU.Build.0 = Debug|Any CPU
		{7DBD4901-9C26-490F-B93B-F49139AC9A47}.Release|Any CPU.ActiveCfg = Release|Any CPU
		{7DBD4901-9C26-490F-B93B-F49139AC9A47}.Release|Any CPU.Build.0 = Release|Any CPU
		{FFF6D9A9-4084-449E-8F35-6A3FA216F64C}.Debug|Any CPU.ActiveCfg = Debug|Any CPU
		{FFF6D9A9-4084-449E-8F35-6A3FA216F64C}.Debug|Any CPU.Build.0 = Debug|Any CPU
		{FFF6D9A9-4084-449E-8F35-6A3FA216F64C}.Release|Any CPU.ActiveCfg = Release|Any CPU
		{FFF6D9A9-4084-449E-8F35-6A3FA216F64C}.Release|Any CPU.Build.0 = Release|Any CPU
		{225DB683-3E40-4416-907D-4322FCE0888B}.Debug|Any CPU.ActiveCfg = Debug|Any CPU
		{225DB683-3E40-4416-907D-4322FCE0888B}.Debug|Any CPU.Build.0 = Debug|Any CPU
		{225DB683-3E40-4416-907D-4322FCE0888B}.Release|Any CPU.ActiveCfg = Release|Any CPU
		{225DB683-3E40-4416-907D-4322FCE0888B}.Release|Any CPU.Build.0 = Release|Any CPU
	EndGlobalSection
	GlobalSection(SolutionProperties) = preSolution
		HideSolutionNode = FALSE
	EndGlobalSection
	GlobalSection(ExtensibilityGlobals) = postSolution
		SolutionGuid = {4BE362A6-21AF-4615-A53B-B6183913BCB1}
	EndGlobalSection
EndGlobal
